
Microsoft Visual Studio Solution File, Format Version 12.00
# Visual Studio Version 16
VisualStudioVersion = 16.0.32802.440
MinimumVisualStudioVersion = 10.0.40219.1
Project("{FAE04EC0-301F-11D3-BF4B-00C04F79EFBC}") = "ThienLongBook", "ThienLongBook\ThienLongBook.csproj", "{23710625-08CC-42B7-9F91-978A4AEDBAA8}"
EndProject
Global
	GlobalSection(SolutionConfigurationPlatforms) = preSolution
		Debug|Any CPU = Debug|Any CPU
		Release|Any CPU = Release|Any CPU
	EndGlobalSection
	GlobalSection(ProjectConfigurationPlatforms) = postSolution
		{23710625-08CC-42B7-9F91-978A4AEDBAA8}.Debug|Any CPU.ActiveCfg = Release|Any CPU
		{23710625-08CC-42B7-9F91-978A4AEDBAA8}.Debug|Any CPU.Build.0 = Release|Any CPU
		{23710625-08CC-42B7-9F91-978A4AEDBAA8}.Release|Any CPU.ActiveCfg = Release|Any CPU
		{23710625-08CC-42B7-9F91-978A4AEDBAA8}.Release|Any CPU.Build.0 = Release|Any CPU
	EndGlobalSection
	GlobalSection(SolutionProperties) = preSolution
		HideSolutionNode = FALSE
	EndGlobalSection
	GlobalSection(ExtensibilityGlobals) = postSolution
		SolutionGuid = {8E9369DA-FE8F-45C0-9C02-59BC517559D3}
	EndGlobalSection
EndGlobal
